
Microsoft Visual Studio Solution File, Format Version 12.00
# Visual Studio Version 17
VisualStudioVersion = 17.14.36717.8
MinimumVisualStudioVersion = 10.0.40219.1
Project("{8BC9CEB8-8B4A-11D0-8D11-00A0C91BC942}") = "GumballMachine", "GumballMachine.vcxproj", "{788CA406-65C1-4FFA-ADF8-B987D65B6D5E}"
EndProject
Project("{8BC9CEB8-8B4A-11D0-8D11-00A0C91BC942}") = "Tests", "..\Testss\Testss.vcxproj", "{89F3216E-5AD0-4B04-B4CC-BDBA71B12335}"
EndProject
Global
	GlobalSection(SolutionConfigurationPlatforms) = preSolution
		Debug|x64 = Debug|x64
		Debug|x86 = Debug|x86
		Release|x64 = Release|x64
		Release|x86 = Release|x86
	EndGlobalSection
	GlobalSection(ProjectConfigurationPlatforms) = postSolution
		{788CA406-65C1-4FFA-ADF8-B987D65B6D5E}.Debug|x64.ActiveCfg = Debug|x64
		{788CA406-65C1-4FFA-ADF8-B987D65B6D5E}.Debug|x64.Build.0 = Debug|x64
		{788CA406-65C1-4FFA-ADF8-B987D65B6D5E}.Debug|x86.ActiveCfg = Debug|Win32
		{788CA406-65C1-4FFA-ADF8-B987D65B6D5E}.Debug|x86.Build.0 = Debug|Win32
		{788CA406-65C1-4FFA-ADF8-B987D65B6D5E}.Release|x64.ActiveCfg = Release|x64
		{788CA406-65C1-4FFA-ADF8-B987D65B6D5E}.Release|x64.Build.0 = Release|x64
		{788CA406-65C1-4FFA-ADF8-B987D65B6D5E}.Release|x86.ActiveCfg = Release|Win32
		{788CA406-65C1-4FFA-ADF8-B987D65B6D5E}.Release|x86.Build.0 = Release|Win32
		{89F3216E-5AD0-4B04-B4CC-BDBA71B12335}.Debug|x64.ActiveCfg = Debug|x64
		{89F3216E-5AD0-4B04-B4CC-BDBA71B12335}.Debug|x64.Build.0 = Debug|x64
		{89F3216E-5AD0-4B04-B4CC-BDBA71B12335}.Debug|x86.ActiveCfg = Debug|Win32
		{89F3216E-5AD0-4B04-B4CC-BDBA71B12335}.Debug|x86.Build.0 = Debug|Win32
		{89F3216E-5AD0-4B04-B4CC-BDBA71B12335}.Release|x64.ActiveCfg = Release|x64
		{89F3216E-5AD0-4B04-B4CC-BDBA71B12335}.Release|x64.Build.0 = Release|x64
		{89F3216E-5AD0-4B04-B4CC-BDBA71B12335}.Release|x86.ActiveCfg = Release|Win32
		{89F3216E-5AD0-4B04-B4CC-BDBA71B12335}.Release|x86.Build.0 = Release|Win32
	EndGlobalSection
	GlobalSection(SolutionProperties) = preSolution
		HideSolutionNode = FALSE
	EndGlobalSection
	GlobalSection(ExtensibilityGlobals) = postSolution
		SolutionGuid = {F74A2B80-9BEE-4CFC-8149-58285FDFD6B1}
	EndGlobalSection
EndGlobal
