
Microsoft Visual Studio Solution File, Format Version 12.00
# Visual Studio Version 17
VisualStudioVersion = 17.14.36717.8
MinimumVisualStudioVersion = 10.0.40219.1
Project("{8BC9CEB8-8B4A-11D0-8D11-00A0C91BC942}") = "Proxy", "Proxy.vcxproj", "{E3E618B8-FADB-42F0-8C4E-911CEDE5D423}"
EndProject
Project("{8BC9CEB8-8B4A-11D0-8D11-00A0C91BC942}") = "Tests", "..\Tests\Tests.vcxproj", "{F029ABAC-57E6-467F-8C0C-90A9E9A14CC9}"
EndProject
Global
	GlobalSection(SolutionConfigurationPlatforms) = preSolution
		Debug|x64 = Debug|x64
		Debug|x86 = Debug|x86
		Release|x64 = Release|x64
		Release|x86 = Release|x86
	EndGlobalSection
	GlobalSection(ProjectConfigurationPlatforms) = postSolution
		{E3E618B8-FADB-42F0-8C4E-911CEDE5D423}.Debug|x64.ActiveCfg = Debug|x64
		{E3E618B8-FADB-42F0-8C4E-911CEDE5D423}.Debug|x64.Build.0 = Debug|x64
		{E3E618B8-FADB-42F0-8C4E-911CEDE5D423}.Debug|x86.ActiveCfg = Debug|Win32
		{E3E618B8-FADB-42F0-8C4E-911CEDE5D423}.Debug|x86.Build.0 = Debug|Win32
		{E3E618B8-FADB-42F0-8C4E-911CEDE5D423}.Release|x64.ActiveCfg = Release|x64
		{E3E618B8-FADB-42F0-8C4E-911CEDE5D423}.Release|x64.Build.0 = Release|x64
		{E3E618B8-FADB-42F0-8C4E-911CEDE5D423}.Release|x86.ActiveCfg = Release|Win32
		{E3E618B8-FADB-42F0-8C4E-911CEDE5D423}.Release|x86.Build.0 = Release|Win32
		{F029ABAC-57E6-467F-8C0C-90A9E9A14CC9}.Debug|x64.ActiveCfg = Debug|x64
		{F029ABAC-57E6-467F-8C0C-90A9E9A14CC9}.Debug|x64.Build.0 = Debug|x64
		{F029ABAC-57E6-467F-8C0C-90A9E9A14CC9}.Debug|x86.ActiveCfg = Debug|Win32
		{F029ABAC-57E6-467F-8C0C-90A9E9A14CC9}.Debug|x86.Build.0 = Debug|Win32
		{F029ABAC-57E6-467F-8C0C-90A9E9A14CC9}.Release|x64.ActiveCfg = Release|x64
		{F029ABAC-57E6-467F-8C0C-90A9E9A14CC9}.Release|x64.Build.0 = Release|x64
		{F029ABAC-57E6-467F-8C0C-90A9E9A14CC9}.Release|x86.ActiveCfg = Release|Win32
		{F029ABAC-57E6-467F-8C0C-90A9E9A14CC9}.Release|x86.Build.0 = Release|Win32
	EndGlobalSection
	GlobalSection(SolutionProperties) = preSolution
		HideSolutionNode = FALSE
	EndGlobalSection
	GlobalSection(ExtensibilityGlobals) = postSolution
		SolutionGuid = {0B1DF712-89BA-44BF-B4D4-7134C2360BE4}
	EndGlobalSection
EndGlobal
