
Microsoft Visual Studio Solution File, Format Version 12.00
# Visual Studio Version 17
VisualStudioVersion = 17.14.36518.9
MinimumVisualStudioVersion = 10.0.40219.1
Project("{8BC9CEB8-8B4A-11D0-8D11-00A0C91BC942}") = "Componovshik", "Componovshik.vcxproj", "{DAA28FAC-274C-4C7F-966A-71BE2E6A62D5}"
EndProject
Project("{8BC9CEB8-8B4A-11D0-8D11-00A0C91BC942}") = "CompositeTests", "..\CompositeTests\CompositeTests.vcxproj", "{C711A811-7F22-489E-B83D-ECD8AC171979}"
EndProject
Global
	GlobalSection(SolutionConfigurationPlatforms) = preSolution
		Debug|x64 = Debug|x64
		Debug|x86 = Debug|x86
		Release|x64 = Release|x64
		Release|x86 = Release|x86
	EndGlobalSection
	GlobalSection(ProjectConfigurationPlatforms) = postSolution
		{DAA28FAC-274C-4C7F-966A-71BE2E6A62D5}.Debug|x64.ActiveCfg = Debug|x64
		{DAA28FAC-274C-4C7F-966A-71BE2E6A62D5}.Debug|x64.Build.0 = Debug|x64
		{DAA28FAC-274C-4C7F-966A-71BE2E6A62D5}.Debug|x86.ActiveCfg = Debug|Win32
		{DAA28FAC-274C-4C7F-966A-71BE2E6A62D5}.Debug|x86.Build.0 = Debug|Win32
		{DAA28FAC-274C-4C7F-966A-71BE2E6A62D5}.Release|x64.ActiveCfg = Release|x64
		{DAA28FAC-274C-4C7F-966A-71BE2E6A62D5}.Release|x64.Build.0 = Release|x64
		{DAA28FAC-274C-4C7F-966A-71BE2E6A62D5}.Release|x86.ActiveCfg = Release|Win32
		{DAA28FAC-274C-4C7F-966A-71BE2E6A62D5}.Release|x86.Build.0 = Release|Win32
		{C711A811-7F22-489E-B83D-ECD8AC171979}.Debug|x64.ActiveCfg = Debug|x64
		{C711A811-7F22-489E-B83D-ECD8AC171979}.Debug|x64.Build.0 = Debug|x64
		{C711A811-7F22-489E-B83D-ECD8AC171979}.Debug|x86.ActiveCfg = Debug|Win32
		{C711A811-7F22-489E-B83D-ECD8AC171979}.Debug|x86.Build.0 = Debug|Win32
		{C711A811-7F22-489E-B83D-ECD8AC171979}.Release|x64.ActiveCfg = Release|x64
		{C711A811-7F22-489E-B83D-ECD8AC171979}.Release|x64.Build.0 = Release|x64
		{C711A811-7F22-489E-B83D-ECD8AC171979}.Release|x86.ActiveCfg = Release|Win32
		{C711A811-7F22-489E-B83D-ECD8AC171979}.Release|x86.Build.0 = Release|Win32
	EndGlobalSection
	GlobalSection(SolutionProperties) = preSolution
		HideSolutionNode = FALSE
	EndGlobalSection
	GlobalSection(ExtensibilityGlobals) = postSolution
		SolutionGuid = {B0E0884D-E939-4083-A025-333FD59C091E}
	EndGlobalSection
EndGlobal
