
Microsoft Visual Studio Solution File, Format Version 12.00
# Visual Studio Version 16
VisualStudioVersion = 16.0.36602.28
MinimumVisualStudioVersion = 10.0.40219.1
Project("{8BC9CEB8-8B4A-11D0-8D11-00A0C91BC942}") = "ShapesFactory", "ShapesFactory.vcxproj", "{B5921891-29A6-4783-961F-8B9E638B0303}"
EndProject
Global
	GlobalSection(SolutionConfigurationPlatforms) = preSolution
		Debug|x64 = Debug|x64
		Debug|x86 = Debug|x86
		Release|x64 = Release|x64
		Release|x86 = Release|x86
	EndGlobalSection
	GlobalSection(ProjectConfigurationPlatforms) = postSolution
		{B5921891-29A6-4783-961F-8B9E638B0303}.Debug|x64.ActiveCfg = Debug|x64
		{B5921891-29A6-4783-961F-8B9E638B0303}.Debug|x64.Build.0 = Debug|x64
		{B5921891-29A6-4783-961F-8B9E638B0303}.Debug|x86.ActiveCfg = Debug|Win32
		{B5921891-29A6-4783-961F-8B9E638B0303}.Debug|x86.Build.0 = Debug|Win32
		{B5921891-29A6-4783-961F-8B9E638B0303}.Release|x64.ActiveCfg = Release|x64
		{B5921891-29A6-4783-961F-8B9E638B0303}.Release|x64.Build.0 = Release|x64
		{B5921891-29A6-4783-961F-8B9E638B0303}.Release|x86.ActiveCfg = Release|Win32
		{B5921891-29A6-4783-961F-8B9E638B0303}.Release|x86.Build.0 = Release|Win32
	EndGlobalSection
	GlobalSection(SolutionProperties) = preSolution
		HideSolutionNode = FALSE
	EndGlobalSection
	GlobalSection(ExtensibilityGlobals) = postSolution
		SolutionGuid = {5AE6BFBE-EA81-4C74-9C65-DD3D1E6FCA1E}
	EndGlobalSection
EndGlobal
